
Microsoft Visual Studio Solution File, Format Version 12.00
# Visual Studio 2013
VisualStudioVersion = 12.0.30723.0
MinimumVisualStudioVersion = 10.0.40219.1
Project("{FAE04EC0-301F-11D3-BF4B-00C04F79EFBC}") = "NetMQ", "NetMQ\NetMQ.csproj", "{B96B42C6-9CAF-4F4A-AE85-2E5EC4BC2911}"
EndProject
Project("{FAE04EC0-301F-11D3-BF4B-00C04F79EFBC}") = "NetMQ.Tests", "NetMQ.Tests\NetMQ.Tests.csproj", "{16468B06-8FF2-4544-AA7D-670894DB1CF8}"
EndProject
Global
	GlobalSection(SolutionConfigurationPlatforms) = preSolution
		Debug|Any CPU = Debug|Any CPU
		Release|Any CPU = Release|Any CPU
	EndGlobalSection
	GlobalSection(ProjectConfigurationPlatforms) = postSolution
		{B96B42C6-9CAF-4F4A-AE85-2E5EC4BC2911}.Debug|Any CPU.ActiveCfg = Debug|Any CPU
		{B96B42C6-9CAF-4F4A-AE85-2E5EC4BC2911}.Debug|Any CPU.Build.0 = Debug|Any CPU
		{B96B42C6-9CAF-4F4A-AE85-2E5EC4BC2911}.Release|Any CPU.ActiveCfg = Release|Any CPU
		{B96B42C6-9CAF-4F4A-AE85-2E5EC4BC2911}.Release|Any CPU.Build.0 = Release|Any CPU
		{16468B06-8FF2-4544-AA7D-670894DB1CF8}.Debug|Any CPU.ActiveCfg = Debug|Any CPU
		{16468B06-8FF2-4544-AA7D-670894DB1CF8}.Debug|Any CPU.Build.0 = Debug|Any CPU
		{16468B06-8FF2-4544-AA7D-670894DB1CF8}.Release|Any CPU.ActiveCfg = Release|Any CPU
		{16468B06-8FF2-4544-AA7D-670894DB1CF8}.Release|Any CPU.Build.0 = Release|Any CPU
	EndGlobalSection
	GlobalSection(SolutionProperties) = preSolution
		HideSolutionNode = FALSE
	EndGlobalSection
EndGlobal
